
Microsoft Visual Studio Solution File, Format Version 12.00
# Visual Studio Version 17
VisualStudioVersion = 17.1.32210.238
MinimumVisualStudioVersion = 10.0.40219.1
Project("{FAE04EC0-301F-11D3-BF4B-00C04F79EFBC}") = "LR2", "LR2.csproj", "{34E15B8C-A365-4082-AE8E-5F193C39510B}"
EndProject
Global
	GlobalSection(SolutionConfigurationPlatforms) = preSolution
		Debug|Any CPU = Debug|Any CPU
		Release|Any CPU = Release|Any CPU
	EndGlobalSection
	GlobalSection(ProjectConfigurationPlatforms) = postSolution
		{34E15B8C-A365-4082-AE8E-5F193C39510B}.Debug|Any CPU.ActiveCfg = Debug|Any CPU
		{34E15B8C-A365-4082-AE8E-5F193C39510B}.Debug|Any CPU.Build.0 = Debug|Any CPU
		{34E15B8C-A365-4082-AE8E-5F193C39510B}.Release|Any CPU.ActiveCfg = Release|Any CPU
		{34E15B8C-A365-4082-AE8E-5F193C39510B}.Release|Any CPU.Build.0 = Release|Any CPU
	EndGlobalSection
	GlobalSection(SolutionProperties) = preSolution
		HideSolutionNode = FALSE
	EndGlobalSection
	GlobalSection(ExtensibilityGlobals) = postSolution
		SolutionGuid = {68EC6076-F257-4E8F-B342-DC87E12791B4}
	EndGlobalSection
EndGlobal
